
Microsoft Visual Studio Solution File, Format Version 12.00
# Visual Studio Version 17
VisualStudioVersion = 17.4.33205.214
MinimumVisualStudioVersion = 10.0.40219.1
Project("{FAE04EC0-301F-11D3-BF4B-00C04F79EFBC}") = "ApiRest", "ApiRest\ApiRest.csproj", "{DE8A7ADE-64FD-4468-8864-541333E680E6}"
EndProject
Project("{00D1A9C2-B5F0-4AF3-8072-F6C62B433612}") = "RestApiDatabase", "RestApiDatabase\RestApiDatabase.sqlproj", "{E951E6B3-0437-40B7-A3A3-E8FC827BAF43}"
EndProject
Global
	GlobalSection(SolutionConfigurationPlatforms) = preSolution
		Debug|Any CPU = Debug|Any CPU
		Release|Any CPU = Release|Any CPU
	EndGlobalSection
	GlobalSection(ProjectConfigurationPlatforms) = postSolution
		{DE8A7ADE-64FD-4468-8864-541333E680E6}.Debug|Any CPU.ActiveCfg = Debug|Any CPU
		{DE8A7ADE-64FD-4468-8864-541333E680E6}.Debug|Any CPU.Build.0 = Debug|Any CPU
		{DE8A7ADE-64FD-4468-8864-541333E680E6}.Release|Any CPU.ActiveCfg = Release|Any CPU
		{DE8A7ADE-64FD-4468-8864-541333E680E6}.Release|Any CPU.Build.0 = Release|Any CPU
		{E951E6B3-0437-40B7-A3A3-E8FC827BAF43}.Debug|Any CPU.ActiveCfg = Debug|Any CPU
		{E951E6B3-0437-40B7-A3A3-E8FC827BAF43}.Debug|Any CPU.Build.0 = Debug|Any CPU
		{E951E6B3-0437-40B7-A3A3-E8FC827BAF43}.Debug|Any CPU.Deploy.0 = Debug|Any CPU
		{E951E6B3-0437-40B7-A3A3-E8FC827BAF43}.Release|Any CPU.ActiveCfg = Release|Any CPU
		{E951E6B3-0437-40B7-A3A3-E8FC827BAF43}.Release|Any CPU.Build.0 = Release|Any CPU
		{E951E6B3-0437-40B7-A3A3-E8FC827BAF43}.Release|Any CPU.Deploy.0 = Release|Any CPU
	EndGlobalSection
	GlobalSection(SolutionProperties) = preSolution
		HideSolutionNode = FALSE
	EndGlobalSection
	GlobalSection(ExtensibilityGlobals) = postSolution
		SolutionGuid = {D1100401-B057-4843-A323-E323C62D21CF}
	EndGlobalSection
EndGlobal
